<?xml version="1.0" encoding="utf-8"?>
<Project ToolsVersion="4.0" xmlns="http://schemas.microsoft.com/developer/msbuild/2003">
  <ItemGroup>
    <Filter Include="Source Files">
      <UniqueIdentifier>{4FC737F1-C7A5-4376-A066-2A32D752A2FF}</UniqueIdentifier>
      <Extensions>cpp;c;cc;cxx;c++;cppm;ixx;def;odl;idl;hpj;bat;asm;asmx</Extensions>
    </Filter>
    <Filter Include="Header Files">
      <UniqueIdentifier>{93995380-89BD-4b04-88EB-625FBE52EBFB}</UniqueIdentifier>
      <Extensions>h;hh;hpp;hxx;h++;hm;inl;inc;ipp;xsd</Extensions>
    </Filter>
    <Filter Include="Resource Files">
      <UniqueIdentifier>{67DA6AB6-F800-4c08-8B7A-83BB121AAD01}</UniqueIdentifier>
      <Extensions>rc;ico;cur;bmp;dlg;rc2;rct;bin;rgs;gif;jpg;jpeg;jpe;resx;tiff;tif;png;wav;mfcribbon-ms</Extensions>
    </Filter>
    <Filter Include="Header Files\stb">
      <UniqueIdentifier>{8f492ab7-6ea0-4d6d-87ba-b59e05635c76}</UniqueIdentifier>
    </Filter>
    <Filter Include="Resource Files\Shaders">
      <UniqueIdentifier>{026f7b1c-4b48-462f-89c1-315a926b00c3}</UniqueIdentifier>
    </Filter>
    <Filter Include="Resource Files\Textures">
      <UniqueIdentifier>{c715a842-93a0-409d-87d2-62cff5c7f07d}</UniqueIdentifier>
    </Filter>
  </ItemGroup>
  <ItemGroup>
    <ClInclude Include="stb\stb_image.h">
      <Filter>Header Files\stb</Filter>
    </ClInclude>
    <ClInclude Include="include\camera.hpp">
      <Filter>Header Files</Filter>
    </ClInclude>
    <ClInclude Include="include\chunk.hpp">
      <Filter>Header Files</Filter>
    </ClInclude>
    <ClInclude Include="include\entity.hpp">
      <Filter>Header Files</Filter>
    </ClInclude>
    <ClInclude Include="include\loader.hpp">
      <Filter>Header Files</Filter>
    </ClInclude>
    <ClInclude Include="include\main.hpp">
      <Filter>Header Files</Filter>
    </ClInclude>
    <ClInclude Include="include\model.hpp">
      <Filter>Header Files</Filter>
    </ClInclude>
    <ClInclude Include="include\obj_loader.hpp">
      <Filter>Header Files</Filter>
    </ClInclude>
    <ClInclude Include="include\perlin.hpp">
      <Filter>Header Files</Filter>
    </ClInclude>
    <ClInclude Include="include\renderer.hpp">
      <Filter>Header Files</Filter>
    </ClInclude>
    <ClInclude Include="include\rendering_engine.hpp">
      <Filter>Header Files</Filter>
    </ClInclude>
    <ClInclude Include="include\shader.hpp">
      <Filter>Header Files</Filter>
    </ClInclude>
    <ClInclude Include="include\world.hpp">
      <Filter>Header Files</Filter>
    </ClInclude>
    <ClInclude Include="include\player.hpp">
      <Filter>Header Files</Filter>
    </ClInclude>
    <ClInclude Include="include\collision_detection.hpp">
      <Filter>Header Files</Filter>
    </ClInclude>
  </ItemGroup>
  <ItemGroup>
    <None Include="shaders\chunk_fragment_shader.glsl">
      <Filter>Resource Files\Shaders</Filter>
    </None>
    <None Include="shaders\chunk_vertex_shader.glsl">
      <Filter>Resource Files\Shaders</Filter>
    </None>
    <None Include="shaders\fragment_shader.glsl">
      <Filter>Resource Files\Shaders</Filter>
    </None>
    <None Include="shaders\vertex_shader.glsl">
      <Filter>Resource Files\Shaders</Filter>
    </None>
    <None Include="shaders\hud_fragment_shader.glsl">
      <Filter>Resource Files\Shaders</Filter>
    </None>
    <None Include="shaders\hud_vertex_shader.glsl">
      <Filter>Resource Files\Shaders</Filter>
    </None>
    <None Include="shaders\outline_vertex_shader.glsl" />
    <None Include="shaders\outline_fragment_shader.glsl" />
  </ItemGroup>
  <ItemGroup>
    <Image Include="res\texture_atlas.png">
      <Filter>Resource Files\Textures</Filter>
    </Image>
    <Image Include="res\crosshair.png">
      <Filter>Resource Files\Textures</Filter>
    </Image>
  </ItemGroup>
  <ItemGroup>
    <ClCompile Include="src\camera.cpp">
      <Filter>Source Files</Filter>
    </ClCompile>
    <ClCompile Include="src\chunk.cpp">
      <Filter>Source Files</Filter>
    </ClCompile>
    <ClCompile Include="src\loader.cpp">
      <Filter>Source Files</Filter>
    </ClCompile>
    <ClCompile Include="src\main.cpp">
      <Filter>Source Files</Filter>
    </ClCompile>
    <ClCompile Include="src\obj_loader.cpp">
      <Filter>Source Files</Filter>
    </ClCompile>
    <ClCompile Include="src\perlin.cpp">
      <Filter>Source Files</Filter>
    </ClCompile>
    <ClCompile Include="src\renderer.cpp">
      <Filter>Source Files</Filter>
    </ClCompile>
    <ClCompile Include="src\rendering_engine.cpp">
      <Filter>Source Files</Filter>
    </ClCompile>
    <ClCompile Include="src\shader.cpp">
      <Filter>Source Files</Filter>
    </ClCompile>
    <ClCompile Include="src\world.cpp">
      <Filter>Source Files</Filter>
    </ClCompile>
    <ClCompile Include="src\player.cpp">
      <Filter>Source Files</Filter>
    </ClCompile>
    <ClCompile Include="src\collision_detection.cpp">
      <Filter>Source Files</Filter>
    </ClCompile>
  </ItemGroup>
</Project>